// !$*UTF8*$!
{
	archiveVersion = 1;
	classes = {
	};
	objectVersion = 50;
	objects = {

/* Begin PBXBuildFile section */
		683DE4F620E835410046CBE3 /* AppDelegate.swift in Sources */ = {isa = PBXBuildFile; fileRef = 683DE4F520E835410046CBE3 /* AppDelegate.swift */; };
		683DE4F820E835410046CBE3 /* Map.swift in Sources */ = {isa = PBXBuildFile; fileRef = 683DE4F720E835410046CBE3 /* Map.swift */; };
		683DE4FA20E835410046CBE3 /* Profile.swift in Sources */ = {isa = PBXBuildFile; fileRef = 683DE4F920E835410046CBE3 /* Profile.swift */; };
		683DE4FD20E835410046CBE3 /* Main.storyboard in Resources */ = {isa = PBXBuildFile; fileRef = 683DE4FB20E835410046CBE3 /* Main.storyboard */; };
		683DE4FF20E835420046CBE3 /* Assets.xcassets in Resources */ = {isa = PBXBuildFile; fileRef = 683DE4FE20E835420046CBE3 /* Assets.xcassets */; };
		683DE50220E835420046CBE3 /* LaunchScreen.storyboard in Resources */ = {isa = PBXBuildFile; fileRef = 683DE50020E835420046CBE3 /* LaunchScreen.storyboard */; };
		68F6457820EB1AD000326C0A /* EditProfile.swift in Sources */ = {isa = PBXBuildFile; fileRef = 68F6457720EB1AD000326C0A /* EditProfile.swift */; };
		68F6457A20EB1F5200326C0A /* Settings.swift in Sources */ = {isa = PBXBuildFile; fileRef = 68F6457920EB1F5200326C0A /* Settings.swift */; };
/* End PBXBuildFile section */

/* Begin PBXFileReference section */
		683DE4F220E835410046CBE3 /* YourGuideSwift.app */ = {isa = PBXFileReference; explicitFileType = wrapper.application; includeInIndex = 0; path = YourGuideSwift.app; sourceTree = BUILT_PRODUCTS_DIR; };
		683DE4F520E835410046CBE3 /* AppDelegate.swift */ = {isa = PBXFileReference; lastKnownFileType = sourcecode.swift; path = AppDelegate.swift; sourceTree = "<group>"; };
		683DE4F720E835410046CBE3 /* Map.swift */ = {isa = PBXFileReference; lastKnownFileType = sourcecode.swift; path = Map.swift; sourceTree = "<group>"; };
		683DE4F920E835410046CBE3 /* Profile.swift */ = {isa = PBXFileReference; lastKnownFileType = sourcecode.swift; path = Profile.swift; sourceTree = "<group>"; };
		683DE4FC20E835410046CBE3 /* Base */ = {isa = PBXFileReference; lastKnownFileType = file.storyboard; name = Base; path = Base.lproj/Main.storyboard; sourceTree = "<group>"; };
		683DE4FE20E835420046CBE3 /* Assets.xcassets */ = {isa = PBXFileReference; lastKnownFileType = folder.assetcatalog; path = Assets.xcassets; sourceTree = "<group>"; };
		683DE50120E835420046CBE3 /* Base */ = {isa = PBXFileReference; lastKnownFileType = file.storyboard; name = Base; path = Base.lproj/LaunchScreen.storyboard; sourceTree = "<group>"; };
		683DE50320E835420046CBE3 /* Info.plist */ = {isa = PBXFileReference; lastKnownFileType = text.plist.xml; path = Info.plist; sourceTree = "<group>"; };
		68F6457720EB1AD000326C0A /* EditProfile.swift */ = {isa = PBXFileReference; lastKnownFileType = sourcecode.swift; path = EditProfile.swift; sourceTree = "<group>"; };
		68F6457920EB1F5200326C0A /* Settings.swift */ = {isa = PBXFileReference; lastKnownFileType = sourcecode.swift; path = Settings.swift; sourceTree = "<group>"; };
/* End PBXFileReference section */

/* Begin PBXFrameworksBuildPhase section */
		683DE4EF20E835410046CBE3 /* Frameworks */ = {
			isa = PBXFrameworksBuildPhase;
			buildActionMask = 2147483647;
			files = (
			);
			runOnlyForDeploymentPostprocessing = 0;
		};
/* End PBXFrameworksBuildPhase section */

/* Begin PBXGroup section */
		683DE4E920E835410046CBE3 = {
			isa = PBXGroup;
			children = (
				683DE4F420E835410046CBE3 /* YourGuideSwift */,
				683DE4F320E835410046CBE3 /* Products */,
			);
			sourceTree = "<group>";
		};
		683DE4F320E835410046CBE3 /* Products */ = {
			isa = PBXGroup;
			children = (
				683DE4F220E835410046CBE3 /* YourGuideSwift.app */,
			);
			name = Products;
			sourceTree = "<group>";
		};
		683DE4F420E835410046CBE3 /* YourGuideSwift */ = {
			isa = PBXGroup;
			children = (
				683DE4F520E835410046CBE3 /* AppDelegate.swift */,
				683DE4F720E835410046CBE3 /* Map.swift */,
				683DE4F920E835410046CBE3 /* Profile.swift */,
				68F6457720EB1AD000326C0A /* EditProfile.swift */,
				68F6457920EB1F5200326C0A /* Settings.swift */,
				683DE4FB20E835410046CBE3 /* Main.storyboard */,
				683DE4FE20E835420046CBE3 /* Assets.xcassets */,
				683DE50020E835420046CBE3 /* LaunchScreen.storyboard */,
				683DE50320E835420046CBE3 /* Info.plist */,
			);
			path = YourGuideSwift;
			sourceTree = "<group>";
		};
/* End PBXGroup section */

/* Begin PBXNativeTarget section */
		683DE4F120E835410046CBE3 /* YourGuideSwift */ = {
			isa = PBXNativeTarget;
			buildConfigurationList = 683DE50620E835420046CBE3 /* Build configuration list for PBXNativeTarget "YourGuideSwift" */;
			buildPhases = (
				683DE4EE20E835410046CBE3 /* Sources */,
				683DE4EF20E835410046CBE3 /* Frameworks */,
				683DE4F020E835410046CBE3 /* Resources */,
			);
			buildRules = (
			);
			dependencies = (
			);
			name = YourGuideSwift;
			productName = YourGuideSwift;
			productReference = 683DE4F220E835410046CBE3 /* YourGuideSwift.app */;
			productType = "com.apple.product-type.application";
		};
/* End PBXNativeTarget section */

/* Begin PBXProject section */
		683DE4EA20E835410046CBE3 /* Project object */ = {
			isa = PBXProject;
			attributes = {
				LastSwiftUpdateCheck = 0940;
				LastUpgradeCheck = 0940;
				ORGANIZATIONNAME = "Samuel Bridge";
				TargetAttributes = {
					683DE4F120E835410046CBE3 = {
						CreatedOnToolsVersion = 9.4;
					};
				};
			};
			buildConfigurationList = 683DE4ED20E835410046CBE3 /* Build configuration list for PBXProject "YourGuideSwift" */;
			compatibilityVersion = "Xcode 9.3";
			developmentRegion = en;
			hasScannedForEncodings = 0;
			knownRegions = (
				en,
				Base,
			);
			mainGroup = 683DE4E920E835410046CBE3;
			productRefGroup = 683DE4F320E835410046CBE3 /* Products */;
			projectDirPath = "";
			projectRoot = "";
			targets = (
				683DE4F120E835410046CBE3 /* YourGuideSwift */,
			);
		};
/* End PBXProject section */

/* Begin PBXResourcesBuildPhase section */
		683DE4F020E835410046CBE3 /* Resources */ = {
			isa = PBXResourcesBuildPhase;
			buildActionMask = 2147483647;
			files = (
				683DE50220E835420046CBE3 /* LaunchScreen.storyboard in Resources */,
				683DE4FF20E835420046CBE3 /* Assets.xcassets in Resources */,
				683DE4FD20E835410046CBE3 /* Main.storyboard in Resources */,
			);
			runOnlyForDeploymentPostprocessing = 0;
		};
/* End PBXResourcesBuildPhase section */

/* Begin PBXSourcesBuildPhase section */
		683DE4EE20E835410046CBE3 /* Sources */ = {
			isa = PBXSourcesBuildPhase;
			buildActionMask = 2147483647;
			files = (
				683DE4FA20E835410046CBE3 /* Profile.swift in Sources */,
				683DE4F620E835410046CBE3 /* AppDelegate.swift in Sources */,
				683DE4F820E835410046CBE3 /* Map.swift in Sources */,
				68F6457820EB1AD000326C0A /* EditProfile.swift in Sources */,
				68F6457A20EB1F5200326C0A /* Settings.swift in Sources */,
			);
			runOnlyForDeploymentPostprocessing = 0;
		};
/* End PBXSourcesBuildPhase section */

/* Begin PBXVariantGroup section */
		683DE4FB20E835410046CBE3 /* Main.storyboard */ = {
			isa = PBXVariantGroup;
			children = (
				683DE4FC20E835410046CBE3 /* Base */,
			);
			name = Main.storyboard;
			sourceTree = "<group>";
		};
		683DE50020E835420046CBE3 /* LaunchScreen.storyboard */ = {
			isa = PBXVariantGroup;
			children = (
				683DE50120E835420046CBE3 /* Base */,
			);
			name = LaunchScreen.storyboard;
			sourceTree = "<group>";
		};
/* End PBXVariantGroup section */

/* Begin XCBuildConfiguration section */
		683DE50420E835420046CBE3 /* Debug */ = {
			isa = XCBuildConfiguration;
			buildSettings = {
				ALWAYS_SEARCH_USER_PATHS = NO;
				CLANG_ANALYZER_NONNULL = YES;
				CLANG_ANALYZER_NUMBER_OBJECT_CONVERSION = YES_AGGRESSIVE;
				CLANG_CXX_LANGUAGE_STANDARD = "gnu++14";
				CLANG_CXX_LIBRARY = "libc++";
				CLANG_ENABLE_MODULES = YES;
				CLANG_ENABLE_OBJC_ARC = YES;
				CLANG_ENABLE_OBJC_WEAK = YES;
				CLANG_WARN_BLOCK_CAPTURE_AUTORELEASING = YES;
				CLANG_WARN_BOOL_CONVERSION = YES;
				CLANG_WARN_COMMA = YES;
				CLANG_WARN_CONSTANT_CONVERSION = YES;
				CLANG_WARN_DEPRECATED_OBJC_IMPLEMENTATIONS = YES;
				CLANG_WARN_DIRECT_OBJC_ISA_USAGE = YES_ERROR;
				CLANG_WARN_DOCUMENTATION_COMMENTS = YES;
				CLANG_WARN_EMPTY_BODY = YES;
				CLANG_WARN_ENUM_CONVERSION = YES;
				CLANG_WARN_INFINITE_RECURSION = YES;
				CLANG_WARN_INT_CONVERSION = YES;
				CLANG_WARN_NON_LITERAL_NULL_CONVERSION = YES;
				CLANG_WARN_OBJC_IMPLICIT_RETAIN_SELF = YES;
				CLANG_WARN_OBJC_LITERAL_CONVERSION = YES;
				CLANG_WARN_OBJC_ROOT_CLASS = YES_ERROR;
				CLANG_WARN_RANGE_LOOP_ANALYSIS = YES;
				CLANG_WARN_STRICT_PROTOTYPES = YES;
				CLANG_WARN_SUSPICIOUS_MOVE = YES;
				CLANG_WARN_UNGUARDED_AVAILABILITY = YES_AGGRESSIVE;
				CLANG_WARN_UNREACHABLE_CODE = YES;
				CLANG_WARN__DUPLICATE_METHOD_MATCH = YES;
				CODE_SIGN_IDENTITY = "iPhone Developer";
				COPY_PHASE_STRIP = NO;
				DEBUG_INFORMATION_FORMAT = dwarf;
				ENABLE_STRICT_OBJC_MSGSEND = YES;
				ENABLE_TESTABILITY = YES;
				GCC_C_LANGUAGE_STANDARD = gnu11;
				GCC_DYNAMIC_NO_PIC = NO;
				GCC_NO_COMMON_BLOCKS = YES;
				GCC_OPTIMIZATION_LEVEL = 0;
				GCC_PREPROCESSOR_DEFINITIONS = (
					"DEBUG=1",
					"$(inherited)",
				);
				GCC_WARN_64_TO_32_BIT_CONVERSION = YES;
				GCC_WARN_ABOUT_RETURN_TYPE = YES_ERROR;
				GCC_WARN_UNDECLARED_SELECTOR = YES;
				GCC_WARN_UNINITIALIZED_AUTOS = YES_AGGRESSIVE;
				GCC_WARN_UNUSED_FUNCTION = YES;
				GCC_WARN_UNUSED_VARIABLE = YES;
				IPHONEOS_DEPLOYMENT_TARGET = 11.4;
				MTL_ENABLE_DEBUG_INFO = YES;
				ONLY_ACTIVE_ARCH = YES;
				SDKROOT = iphoneos;
				SWIFT_ACTIVE_COMPILATION_CONDITIONS = DEBUG;
				SWIFT_OPTIMIZATION_LEVEL = "-Onone";
			};
			name = Debug;
		};
		683DE50520E835420046CBE3 /* Release */ = {
			isa = XCBuildConfiguration;
			buildSettings = {
				ALWAYS_SEARCH_USER_PATHS = NO;
				CLANG_ANALYZER_NONNULL = YES;
				CLANG_ANALYZER_NUMBER_OBJECT_CONVERSION = YES_AGGRESSIVE;
				CLANG_CXX_LANGUAGE_STANDARD = "gnu++14";
				CLANG_CXX_LIBRARY = "libc++";
				CLANG_ENABLE_MODULES = YES;
				CLANG_ENABLE_OBJC_ARC = YES;
				CLANG_ENABLE_OBJC_WEAK = YES;
				CLANG_WARN_BLOCK_CAPTURE_AUTORELEASING = YES;
				CLANG_WARN_BOOL_CONVERSION = YES;
				CLANG_WARN_COMMA = YES;
				CLANG_WARN_CONSTANT_CONVERSION = YES;
				CLANG_WARN_DEPRECATED_OBJC_IMPLEMENTATIONS = YES;
				CLANG_WARN_DIRECT_OBJC_ISA_USAGE = YES_ERROR;
				CLANG_WARN_DOCUMENTATION_COMMENTS = YES;
				CLANG_WARN_EMPTY_BODY = YES;
				CLANG_WARN_ENUM_CONVERSION = YES;
				CLANG_WARN_INFINITE_RECURSION = YES;
				CLANG_WARN_INT_CONVERSION = YES;
				CLANG_WARN_NON_LITERAL_NULL_CONVERSION = YES;
				CLANG_WARN_OBJC_IMPLICIT_RETAIN_SELF = YES;
				CLANG_WARN_OBJC_LITERAL_CONVERSION = YES;
				CLANG_WARN_OBJC_ROOT_CLASS = YES_ERROR;
				CLANG_WARN_RANGE_LOOP_ANALYSIS = YES;
				CLANG_WARN_STRICT_PROTOTYPES = YES;
				CLANG_WARN_SUSPICIOUS_MOVE = YES;
				CLANG_WARN_UNGUARDED_AVAILABILITY = YES_AGGRESSIVE;
				CLANG_WARN_UNREACHABLE_CODE = YES;
				CLANG_WARN__DUPLICATE_METHOD_MATCH = YES;
				CODE_SIGN_IDENTITY = "iPhone Developer";
				COPY_PHASE_STRIP = NO;
				DEBUG_INFORMATION_FORMAT = "dwarf-with-dsym";
				ENABLE_NS_ASSERTIONS = NO;
				ENABLE_STRICT_OBJC_MSGSEND = YES;
				GCC_C_LANGUAGE_STANDARD = gnu11;
				GCC_NO_COMMON_BLOCKS = YES;
				GCC_WARN_64_TO_32_BIT_CONVERSION = YES;
				GCC_WARN_ABOUT_RETURN_TYPE = YES_ERROR;
				GCC_WARN_UNDECLARED_SELECTOR = YES;
				GCC_WARN_UNINITIALIZED_AUTOS = YES_AGGRESSIVE;
				GCC_WARN_UNUSED_FUNCTION = YES;
				GCC_WARN_UNUSED_VARIABLE = YES;
				IPHONEOS_DEPLOYMENT_TARGET = 11.4;
				MTL_ENABLE_DEBUG_INFO = NO;
				SDKROOT = iphoneos;
				SWIFT_COMPILATION_MODE = wholemodule;
				SWIFT_OPTIMIZATION_LEVEL = "-O";
				VALIDATE_PRODUCT = YES;
			};
			name = Release;
		};
		683DE50720E835420046CBE3 /* Debug */ = {
			isa = XCBuildConfiguration;
			buildSettings = {
				ASSETCATALOG_COMPILER_APPICON_NAME = AppIcon;
				CODE_SIGN_STYLE = Automatic;
				DEVELOPMENT_TEAM = JFUD9S4QW6;
				INFOPLIST_FILE = YourGuideSwift/Info.plist;
				LD_RUNPATH_SEARCH_PATHS = (
					"$(inherited)",
					"@executable_path/Frameworks",
				);
				PRODUCT_BUNDLE_IDENTIFIER = Sam.YourGuideSwift;
				PRODUCT_NAME = "$(TARGET_NAME)";
				SWIFT_VERSION = 4.0;
				TARGETED_DEVICE_FAMILY = "1,2";
			};
			name = Debug;
		};
		683DE50820E835420046CBE3 /* Release */ = {
			isa = XCBuildConfiguration;
			buildSettings = {
				ASSETCATALOG_COMPILER_APPICON_NAME = AppIcon;
				CODE_SIGN_STYLE = Automatic;
				DEVELOPMENT_TEAM = JFUD9S4QW6;
				INFOPLIST_FILE = YourGuideSwift/Info.plist;
				LD_RUNPATH_SEARCH_PATHS = (
					"$(inherited)",
					"@executable_path/Frameworks",
				);
				PRODUCT_BUNDLE_IDENTIFIER = Sam.YourGuideSwift;
				PRODUCT_NAME = "$(TARGET_NAME)";
				SWIFT_VERSION = 4.0;
				TARGETED_DEVICE_FAMILY = "1,2";
			};
			name = Release;
		};
/* End XCBuildConfiguration section */

/* Begin XCConfigurationList section */
		683DE4ED20E835410046CBE3 /* Build configuration list for PBXProject "YourGuideSwift" */ = {
			isa = XCConfigurationList;
			buildConfigurations = (
				683DE50420E835420046CBE3 /* Debug */,
				683DE50520E835420046CBE3 /* Release */,
			);
			defaultConfigurationIsVisible = 0;
			defaultConfigurationName = Release;
		};
		683DE50620E835420046CBE3 /* Build configuration list for PBXNativeTarget "YourGuideSwift" */ = {
			isa = XCConfigurationList;
			buildConfigurations = (
				683DE50720E835420046CBE3 /* Debug */,
				683DE50820E835420046CBE3 /* Release */,
			);
			defaultConfigurationIsVisible = 0;
			defaultConfigurationName = Release;
		};
/* End XCConfigurationList section */
	};
	rootObject = 683DE4EA20E835410046CBE3 /* Project object */;
}
